
Microsoft Visual Studio Solution File, Format Version 12.00
# Visual Studio Version 17
VisualStudioVersion = 17.2.32516.85
MinimumVisualStudioVersion = 10.0.40219.1
Project("{FAE04EC0-301F-11D3-BF4B-00C04F79EFBC}") = "Portafolio", "Portafolio\Portafolio.csproj", "{560B9EBB-2DCE-49DE-BA62-A713409EF27D}"
EndProject
Global
	GlobalSection(SolutionConfigurationPlatforms) = preSolution
		Debug|Any CPU = Debug|Any CPU
		Release|Any CPU = Release|Any CPU
	EndGlobalSection
	GlobalSection(ProjectConfigurationPlatforms) = postSolution
		{560B9EBB-2DCE-49DE-BA62-A713409EF27D}.Debug|Any CPU.ActiveCfg = Debug|Any CPU
		{560B9EBB-2DCE-49DE-BA62-A713409EF27D}.Debug|Any CPU.Build.0 = Debug|Any CPU
		{560B9EBB-2DCE-49DE-BA62-A713409EF27D}.Release|Any CPU.ActiveCfg = Release|Any CPU
		{560B9EBB-2DCE-49DE-BA62-A713409EF27D}.Release|Any CPU.Build.0 = Release|Any CPU
	EndGlobalSection
	GlobalSection(SolutionProperties) = preSolution
		HideSolutionNode = FALSE
	EndGlobalSection
	GlobalSection(ExtensibilityGlobals) = postSolution
		SolutionGuid = {5CFC6293-0C10-45CD-893B-67272161433E}
	EndGlobalSection
EndGlobal
